{
  "lockfileVersion": 1,
  "configVersion": 1,
  "workspaces": {
    "": {
      "name": "alpenglow-site",
      "dependencies": {
        "@tschk/moonshine": "^0.4.0",
        "@tschk/moonshine-adapter-conformance": "^0.4.0",
        "@tschk/moonshine-compiler": "^0.4.0",
        "@tschk/moonshine-deploy-bun": "^0.4.0",
        "@tschk/moonshine-framework": "^0.4.0",
        "@tschk/moonshine-react": "^0.4.0",
        "@tschk/moonshine-router": "^0.4.0",
        "@tschk/moonshine-server": "^0.4.0",
        "@tschk/moonshine-shaders": "^0.4.0",
        "ghostty-web": "^0.4.0",
        "react": "^19.1.0",
        "react-dom": "^19.1.0",
      },
      "devDependencies": {
        "@types/bun": "1.3.14",
        "@types/react": "^19.2.17",
        "@types/react-dom": "^19.2.3",
        "typescript": "^7.0.2",
      },
    },
  },
  "packages": {
    "@tschk/moonshine": ["@tschk/moonshine@0.4.0", "", { "dependencies": { "@tschk/moonshine-react": "^0.3.6", "@tschk/moonshine-router": "^0.3.6", "@tschk/moonshine-server": "^0.3.6", "@tschk/moonshine-shaders": "^0.3.6" }, "peerDependencies": { "react": ">=18", "react-dom": ">=18" }, "optionalPeers": ["react", "react-dom"] }, "sha512-Xbxfj19q2lbSFaFRj6gTue6xty1qSYM2rlezSuvxexSfJgyQyKqx3Sd268lZfqFJhUSqgiX8XsKmUFzJxqVesA=="],

    "@tschk/moonshine-adapter-conformance": ["@tschk/moonshine-adapter-conformance@0.4.0", "", { "dependencies": { "@tschk/moonshine-framework": "^0.3.6", "@tschk/moonshine-react": "^0.3.6", "@tschk/moonshine-server": "^0.3.6", "react": "^19.1.0", "react-dom": "^19.1.0" } }, "sha512-I6HV6D6kpjfk5FCmFIVCo2YbvOElRGVEcvQsGmY9A1intkvoqwXZjESK8O44//bdsIeeGM5O4zOsxQugQNucXw=="],

    "@tschk/moonshine-compiler": ["@tschk/moonshine-compiler@0.4.0", "", { "dependencies": { "@tschk/moonshine-framework": "^0.3.6", "@tschk/moonshine-router": "^0.3.6" } }, "sha512-zbtVCxnMgr9klWROnbJ6qR+6Vmgx198Mw8ngjmfUuU3o97w3m/9bXh9Prz0r3vT7nJ/ENUzM80R0UU9y01r2rA=="],

    "@tschk/moonshine-deploy-bun": ["@tschk/moonshine-deploy-bun@0.4.0", "", { "dependencies": { "@tschk/moonshine-compiler": "^0.3.6", "@tschk/moonshine-framework": "^0.3.6", "@tschk/moonshine-react": "^0.3.6", "@tschk/moonshine-server": "^0.3.6" } }, "sha512-SfCDc3lY1BDbED5UFGxnmG1WhJxCZNCz7CJoETus7KZw8ywciOrrUfNMdYnqOojVQ5jrDWuRf09c6/2aBNRNVA=="],

    "@tschk/moonshine-framework": ["@tschk/moonshine-framework@0.4.0", "", { "dependencies": { "@tschk/moonshine": "^0.3.6" } }, "sha512-PyLU5YXXsaELiKuuN5/h5Xom/cwXRSLdO62+z0QUAh7LDH4xdrwDwRATpOLhpZ2f/BPSJJ3wqWdm9LFJkDtuMQ=="],

    "@tschk/moonshine-react": ["@tschk/moonshine-react@0.4.0", "", { "dependencies": { "@tschk/moonshine": "^0.3.6", "@tschk/moonshine-framework": "^0.3.6", "react": "^19.1.0", "react-dom": "^19.1.0" } }, "sha512-U346Q0wqs8DFbSyh2hZDbL0V5Ri6c6DcGLP5/Qz748zzT/7IRRPc36R+pegL9zPxHffcMcxb12mx4yw6Zvcdsg=="],

    "@tschk/moonshine-router": ["@tschk/moonshine-router@0.4.0", "", { "dependencies": { "@tschk/moonshine": "^0.3.6", "@tschk/moonshine-framework": "^0.3.6" }, "peerDependencies": { "react": ">=18" }, "optionalPeers": ["react"] }, "sha512-67+bNHRHLrm5wWdvVA/6kmXKQJszLY34HIgqBaZvB+URPEj3/el3qMMt4PqjXVQobTR87g6XYlhj33l3r7ta8w=="],

    "@tschk/moonshine-server": ["@tschk/moonshine-server@0.4.0", "", { "dependencies": { "@tschk/moonshine-framework": "^0.3.6", "@tschk/moonshine-router": "^0.3.6" } }, "sha512-3ZHny2rjdkMEJAqymeUpqdOZRhbt4+V1YVvbMKpF3foiB+wey4sz2D9AWmJ+OYqDO4MsTJFOepKjDj8IRomeHQ=="],

    "@tschk/moonshine-shaders": ["@tschk/moonshine-shaders@0.4.0", "", { "peerDependencies": { "react": ">=18" }, "optionalPeers": ["react"] }, "sha512-Vo28n4w1ipC86Aw0kOAeXqS2TC+XH2cNlijlolhx66wmiIa1FJDbp+vfR4hjmLSNBT64lUE/lNrTydyX+1Hz1A=="],

    "@types/bun": ["@types/bun@1.3.14", "", { "dependencies": { "bun-types": "1.3.14" } }, "sha512-h1hFqFVcvAvD9j9K7ZW7vd82aSA+rTdznZa+5bwvCwqSB1jmmfLcbIWhOLx1/+boy/xmjgCs/OMUL8hRJSmnPw=="],

    "@types/node": ["@types/node@26.1.2", "", { "dependencies": { "undici-types": "~8.3.0" } }, "sha512-Vu4a5UFA9rIIFJ7rB/Vaafh9lrCQszopTCx6KjFboXTGQbPNasehVR5TEiithSDGyd1DEiUByggTZsg8jukeIg=="],

    "@types/react": ["@types/react@19.2.18", "", { "dependencies": { "csstype": "^3.2.2" } }, "sha512-AnzbBERsrLKtk2XSfTbYRLjQPdy116Sty4q+T+Bp3IC4l6jNBvreVPAHmpq9qhXQM7CXZPjLVmGMw9sy+hxQ3w=="],

    "@types/react-dom": ["@types/react-dom@19.2.4", "", { "peerDependencies": { "@types/react": "^19.2.0" } }, "sha512-Bsc+QHgp+P/F02XDzNCY9jnZNCUuLki36KT7VKrTXXLdHf+vHMNZnW1rVu5DNW/rCK+fya3DATySbLM4yhtKUw=="],

    "@typescript/typescript-aix-ppc64": ["@typescript/typescript-aix-ppc64@7.0.2", "", { "os": "aix", "cpu": "ppc64" }, "sha512-MTKKkWB7p/0E9xi1d1tHtZ5PiLkGEMIq88pK2CubZjOsLtYTLqhgIgi6zepFa+9GHZ6h05NMCkQxGKiPXMxXtQ=="],

    "@typescript/typescript-darwin-arm64": ["@typescript/typescript-darwin-arm64@7.0.2", "", { "os": "darwin", "cpu": "arm64" }, "sha512-gowzar9MwS/aRWp6f3a4KUqzRjAZjOsmGNCM6LcTgXum+dBfgsBVMN+AgvOCCbguXyick6LJhpBszxMebJ8syA=="],

    "@typescript/typescript-darwin-x64": ["@typescript/typescript-darwin-x64@7.0.2", "", { "os": "darwin", "cpu": "x64" }, "sha512-SZ9xZInqApNlNGc9s0W1VSsktYSOe9cFqNOIqmN1Gs8SmkjKZYFt017G4VwPxASInODuAdbTW7sXiFUf893RgA=="],

    "@typescript/typescript-freebsd-arm64": ["@typescript/typescript-freebsd-arm64@7.0.2", "", { "os": "freebsd", "cpu": "arm64" }, "sha512-W5NH4y/J0plIIS5b2xvTEkU7JFxyqdMAOgf+Ilhl0vHQXKO5dZoxd+C/jEtq56c4F3wk71RB4BMRQ2XdI+bwYQ=="],

    "@typescript/typescript-freebsd-x64": ["@typescript/typescript-freebsd-x64@7.0.2", "", { "os": "freebsd", "cpu": "x64" }, "sha512-UMGDx5sTpzNw3WiPebH7l90IWfJggEd+egHt/q6p7/Cm3zqoV7VxkGXt+3DxPIw8CcmvAB0j3sVVfbhX+M4Tpw=="],

    "@typescript/typescript-linux-arm": ["@typescript/typescript-linux-arm@7.0.2", "", { "os": "linux", "cpu": "arm" }, "sha512-gffT3xPz9sR7j/YJExkyPntrI0P2EP9XbOyWzth2/Gs0RstK+90RBcO0ncXoXy/beYll1SXw846Nf2zdnEz0QQ=="],

    "@typescript/typescript-linux-arm64": ["@typescript/typescript-linux-arm64@7.0.2", "", { "os": "linux", "cpu": "arm64" }, "sha512-Qh4eU4/y3yDjnfjjyPYihMj5/ODIlmt+Bzu17OI+fiSRDW57QmU5SiN63exPRNJPKUzcc1INa1NXdrJ+MqHjUQ=="],

    "@typescript/typescript-linux-loong64": ["@typescript/typescript-linux-loong64@7.0.2", "", { "os": "linux", "cpu": "none" }, "sha512-uEHck9i8hoAzXPiYRib1O7miOnz23SxIeVl6F4LXox+qov1K35jHcEW6VHKvZI+pyvl7fZEP4MCU5LYvIq1GuQ=="],

    "@typescript/typescript-linux-mips64el": ["@typescript/typescript-linux-mips64el@7.0.2", "", { "os": "linux", "cpu": "none" }, "sha512-R4KvAMnE43W5Qeqb0Ly56O3mWMWIAgsMyz36DCaycd5nbg/9kzm0liw3JocfRqyJY0KPmzFjbswozXyW0DnIYA=="],

    "@typescript/typescript-linux-ppc64": ["@typescript/typescript-linux-ppc64@7.0.2", "", { "os": "linux", "cpu": "ppc64" }, "sha512-DORx5b3sd/4S7eayxm4FQv+A7CrkUIGRaHiwI8oiHTAI1fAPWhF4J0vAlkC8biAlHSVVwxMQ3tjZ2/DVbnQiiA=="],

    "@typescript/typescript-linux-riscv64": ["@typescript/typescript-linux-riscv64@7.0.2", "", { "os": "linux", "cpu": "none" }, "sha512-wf0jqEDOjrPRnKwYRyyJDRo11KMbvMFrU+q4zqKyChODBzvlkbhNQfKvLxQCcwTpdDaXSHZTVuh0JoCrKCUMHQ=="],

    "@typescript/typescript-linux-s390x": ["@typescript/typescript-linux-s390x@7.0.2", "", { "os": "linux", "cpu": "s390x" }, "sha512-IkwJc3L7yhytWd/ewjyxNDfOmswCm9GWMJT/ue/dU4aZNbwZeYAetq42VyLmsmSjvoX7z74X6ZaYCtzAr0EuGw=="],

    "@typescript/typescript-linux-x64": ["@typescript/typescript-linux-x64@7.0.2", "", { "os": "linux", "cpu": "x64" }, "sha512-EYdf2cNg7rgCWJnxCdJ+F3V39O8ihb37eHAu1LK8oAFizgTQbPOK7zHHXbPt8rX24COqODXeI3sIf0fCXG7H/A=="],

    "@typescript/typescript-netbsd-arm64": ["@typescript/typescript-netbsd-arm64@7.0.2", "", { "os": "none", "cpu": "arm64" }, "sha512-+polYF4MF04aPpO5FTkHran9yUQDSXqy5GiSDKpsll5jy3l3+g9QLhpf39T+ePtefhXLOGrLl0QIjkQP6VnelA=="],

    "@typescript/typescript-netbsd-x64": ["@typescript/typescript-netbsd-x64@7.0.2", "", { "os": "none", "cpu": "x64" }, "sha512-8YIT0EHM/3dq10ZOVF/A7pc/YSMtbcecct4rWtexrnSCHOPcpC2KTLXfTCR6vDpnSiY12heNb1GiN/wu+T/FyA=="],

    "@typescript/typescript-openbsd-arm64": ["@typescript/typescript-openbsd-arm64@7.0.2", "", { "os": "openbsd", "cpu": "arm64" }, "sha512-APT8+ClYnuYm1u9+kgGXoMj2VzWzcymwh2gNSQVySHfkRDGOTVkoWLjCmOQSaO+PoqQ57B0flRp9SA+7GnnkzQ=="],

    "@typescript/typescript-openbsd-x64": ["@typescript/typescript-openbsd-x64@7.0.2", "", { "os": "openbsd", "cpu": "x64" }, "sha512-yX7s+Q0Dln0Dt9tEzZsAjXXR/+ytBM7AlglaqyeMPxQszJ1JhlJdZ6jLA+IzldHtflX81em7lDao1xXu+aRRkg=="],

    "@typescript/typescript-sunos-x64": ["@typescript/typescript-sunos-x64@7.0.2", "", { "os": "sunos", "cpu": "x64" }, "sha512-dLJDGaLZ1D4HPQn62u1n8mBDkJREwMsAkCdkwd4Ieqw+x3TUyTsqY0YiBCtE6H6OzzgGk3iuZ3vFWRS+E8/d1g=="],

    "@typescript/typescript-win32-arm64": ["@typescript/typescript-win32-arm64@7.0.2", "", { "os": "win32", "cpu": "arm64" }, "sha512-Gyl1Vy6OsWesLzmq+EP0Fb7b4Nid5232AvcA2SFcdYreldpNtYFFofPjnt62y9hQy7VTaZp65ICJjuAQRaVcIQ=="],

    "@typescript/typescript-win32-x64": ["@typescript/typescript-win32-x64@7.0.2", "", { "os": "win32", "cpu": "x64" }, "sha512-0BQ3HkAHHlKLSp1qRvf3SUhGpGsDuhB/jgFw75guyqbxJqEaS0Cw/VFO8i2nHglJUzQCRtMMR/IBAKE3ETMC4g=="],

    "bun-types": ["bun-types@1.3.14", "", { "dependencies": { "@types/node": "*" } }, "sha512-4N0ig0fEomHt5R0KCFWjovxow98rIoRwKolrYdCcknNwMekCXRnWEUvgu5soYV8QXtVsrUD8B95MBOZGPvr6KQ=="],

    "csstype": ["csstype@3.2.3", "", {}, "sha512-z1HGKcYy2xA8AGQfwrn0PAy+PB7X/GSj3UVJW9qKyn43xWa+gl5nXmU4qqLMRzWVLFC8KusUX8T/0kCiOYpAIQ=="],

    "ghostty-web": ["ghostty-web@0.4.0", "", {}, "sha512-0puDBik2qapbD/QQBW9o5ZHfXnZBqZWx/ctBiVtKZ6ZLds4NYb+wZuw1cRLXZk9zYovIQ908z3rvFhexAvc5Hg=="],

    "react": ["react@19.2.8", "", {}, "sha512-PWaYA1L/q9u2u7xYQi+Y3L3Yfnie7XyLeaJICV1MGD6LprsBxcAqGjYyr0eY3p+QdsA+x/Irkt4Qif8D63+Sbw=="],

    "react-dom": ["react-dom@19.2.8", "", { "dependencies": { "scheduler": "^0.27.0" }, "peerDependencies": { "react": "^19.2.8" } }, "sha512-rVprimfGBG3DR+Tq0IQG2DT5PxKth1WIGDmj5yPmlzr4YBe7uyE+Du4oVqTDXZSHGGGXRtTJEGSSePyQCMBglQ=="],

    "scheduler": ["scheduler@0.27.0", "", {}, "sha512-eNv+WrVbKu1f3vbYJT/xtiF5syA5HPIMtf9IgY/nKg0sWqzAUEvqY/xm7OcZc/qafLx/iO9FgOmeSAp4v5ti/Q=="],

    "typescript": ["typescript@7.0.2", "", { "optionalDependencies": { "@typescript/typescript-aix-ppc64": "7.0.2", "@typescript/typescript-darwin-arm64": "7.0.2", "@typescript/typescript-darwin-x64": "7.0.2", "@typescript/typescript-freebsd-arm64": "7.0.2", "@typescript/typescript-freebsd-x64": "7.0.2", "@typescript/typescript-linux-arm": "7.0.2", "@typescript/typescript-linux-arm64": "7.0.2", "@typescript/typescript-linux-loong64": "7.0.2", "@typescript/typescript-linux-mips64el": "7.0.2", "@typescript/typescript-linux-ppc64": "7.0.2", "@typescript/typescript-linux-riscv64": "7.0.2", "@typescript/typescript-linux-s390x": "7.0.2", "@typescript/typescript-linux-x64": "7.0.2", "@typescript/typescript-netbsd-arm64": "7.0.2", "@typescript/typescript-netbsd-x64": "7.0.2", "@typescript/typescript-openbsd-arm64": "7.0.2", "@typescript/typescript-openbsd-x64": "7.0.2", "@typescript/typescript-sunos-x64": "7.0.2", "@typescript/typescript-win32-arm64": "7.0.2", "@typescript/typescript-win32-x64": "7.0.2" }, "bin": { "tsc": "bin/tsc" } }, "sha512-8FYau96o3NKOhbjKi/qNvG/W5jhzxkbdm5sj9AbZ/5T5sWqn3hJgLfGx27sRKZWTvyzCP8dLRBTf5tBTSRVUNA=="],

    "undici-types": ["undici-types@8.3.0", "", {}, "sha512-j375ScV60dom+YkPFIfTLcOiPxkN/buHz5GobjLhixFuANaNs3C9l4GmrWqejgXWJ7BbJcFYpTEUkS1Ge8bpZQ=="],

    "@tschk/moonshine/@tschk/moonshine-react": ["@tschk/moonshine-react@0.3.7", "", { "dependencies": { "@tschk/moonshine": "^0.3.6", "@tschk/moonshine-framework": "^0.3.6", "react": "^19.1.0", "react-dom": "^19.1.0" } }, "sha512-9MvW4Vojff9+epHLet7HrLByEdEiWNdT6DbA53FKaAAPCJjJGL2Y+VKhuh3DkMZx8dwMKIqaZI28QabMUqR8vw=="],

    "@tschk/moonshine/@tschk/moonshine-router": ["@tschk/moonshine-router@0.3.7", "", { "dependencies": { "@tschk/moonshine": "^0.3.6", "@tschk/moonshine-framework": "^0.3.6" }, "peerDependencies": { "react": ">=18" }, "optionalPeers": ["react"] }, "sha512-2ZLbmeaJEiJgYf7Jth7KRHqdI7YVOPMgN2iETL3q0kMO6tdhR0KAnR+rxwgJT865UuBVLJh1yvzISzJV9rMdvQ=="],

    "@tschk/moonshine/@tschk/moonshine-server": ["@tschk/moonshine-server@0.3.7", "", { "dependencies": { "@tschk/moonshine-framework": "^0.3.6", "@tschk/moonshine-router": "^0.3.6" } }, "sha512-noI+xdWtLKnekAOloxxsyTnoLq3iqUqhWTTcxFD2r2ZzH0aFItvD8lnjnXDkRA3dtIj6RdVCEuv69bzli24DOA=="],

    "@tschk/moonshine/@tschk/moonshine-shaders": ["@tschk/moonshine-shaders@0.3.7", "", { "peerDependencies": { "react": ">=18" }, "optionalPeers": ["react"] }, "sha512-wNnDY48yLUdnqCBuQvB7ojxYOC2HuQl/EwfyqWSIGczUwATmTVGQQKdIzZ+ahgl7/XpHkNIodhTjkI04F9ufaw=="],

    "@tschk/moonshine-adapter-conformance/@tschk/moonshine-framework": ["@tschk/moonshine-framework@0.3.7", "", { "dependencies": { "@tschk/moonshine": "^0.3.6" } }, "sha512-RubVUh52g0WpTLCYXqVkGnfWBRhPbfEwp/tdULDi9GEpHsZ+Vc/dYG0uP0cBv7R71UZLWCOUQpdt8JFwvx+Xwg=="],

    "@tschk/moonshine-adapter-conformance/@tschk/moonshine-react": ["@tschk/moonshine-react@0.3.7", "", { "dependencies": { "@tschk/moonshine": "^0.3.6", "@tschk/moonshine-framework": "^0.3.6", "react": "^19.1.0", "react-dom": "^19.1.0" } }, "sha512-9MvW4Vojff9+epHLet7HrLByEdEiWNdT6DbA53FKaAAPCJjJGL2Y+VKhuh3DkMZx8dwMKIqaZI28QabMUqR8vw=="],

    "@tschk/moonshine-adapter-conformance/@tschk/moonshine-server": ["@tschk/moonshine-server@0.3.7", "", { "dependencies": { "@tschk/moonshine-framework": "^0.3.6", "@tschk/moonshine-router": "^0.3.6" } }, "sha512-noI+xdWtLKnekAOloxxsyTnoLq3iqUqhWTTcxFD2r2ZzH0aFItvD8lnjnXDkRA3dtIj6RdVCEuv69bzli24DOA=="],

    "@tschk/moonshine-compiler/@tschk/moonshine-framework": ["@tschk/moonshine-framework@0.3.7", "", { "dependencies": { "@tschk/moonshine": "^0.3.6" } }, "sha512-RubVUh52g0WpTLCYXqVkGnfWBRhPbfEwp/tdULDi9GEpHsZ+Vc/dYG0uP0cBv7R71UZLWCOUQpdt8JFwvx+Xwg=="],

    "@tschk/moonshine-compiler/@tschk/moonshine-router": ["@tschk/moonshine-router@0.3.7", "", { "dependencies": { "@tschk/moonshine": "^0.3.6", "@tschk/moonshine-framework": "^0.3.6" }, "peerDependencies": { "react": ">=18" }, "optionalPeers": ["react"] }, "sha512-2ZLbmeaJEiJgYf7Jth7KRHqdI7YVOPMgN2iETL3q0kMO6tdhR0KAnR+rxwgJT865UuBVLJh1yvzISzJV9rMdvQ=="],

    "@tschk/moonshine-deploy-bun/@tschk/moonshine-compiler": ["@tschk/moonshine-compiler@0.3.7", "", { "dependencies": { "@tschk/moonshine-framework": "^0.3.6", "@tschk/moonshine-router": "^0.3.6" } }, "sha512-tH2ArGs4ZQoviU6eurLm6WNAe/LZwHLy9De95u3Hengy6oeq7ahEiGJgnt06kORkRMzLi6vWhBZV2iXfZWaoZw=="],

    "@tschk/moonshine-deploy-bun/@tschk/moonshine-framework": ["@tschk/moonshine-framework@0.3.7", "", { "dependencies": { "@tschk/moonshine": "^0.3.6" } }, "sha512-RubVUh52g0WpTLCYXqVkGnfWBRhPbfEwp/tdULDi9GEpHsZ+Vc/dYG0uP0cBv7R71UZLWCOUQpdt8JFwvx+Xwg=="],

    "@tschk/moonshine-deploy-bun/@tschk/moonshine-react": ["@tschk/moonshine-react@0.3.7", "", { "dependencies": { "@tschk/moonshine": "^0.3.6", "@tschk/moonshine-framework": "^0.3.6", "react": "^19.1.0", "react-dom": "^19.1.0" } }, "sha512-9MvW4Vojff9+epHLet7HrLByEdEiWNdT6DbA53FKaAAPCJjJGL2Y+VKhuh3DkMZx8dwMKIqaZI28QabMUqR8vw=="],

    "@tschk/moonshine-deploy-bun/@tschk/moonshine-server": ["@tschk/moonshine-server@0.3.7", "", { "dependencies": { "@tschk/moonshine-framework": "^0.3.6", "@tschk/moonshine-router": "^0.3.6" } }, "sha512-noI+xdWtLKnekAOloxxsyTnoLq3iqUqhWTTcxFD2r2ZzH0aFItvD8lnjnXDkRA3dtIj6RdVCEuv69bzli24DOA=="],

    "@tschk/moonshine-framework/@tschk/moonshine": ["@tschk/moonshine@0.3.7", "", { "dependencies": { "@tschk/moonshine-react": "^0.3.6", "@tschk/moonshine-router": "^0.3.6", "@tschk/moonshine-server": "^0.3.6", "@tschk/moonshine-shaders": "^0.3.6" }, "peerDependencies": { "react": ">=18", "react-dom": ">=18" }, "optionalPeers": ["react", "react-dom"] }, "sha512-4aWv+nBC6sQpSd2MAuiyFxntzXNeop7zy0qOfvcncnVk7CRLfItuuf/E8fRoZeHqDNpiNSKRW9T9EA6euLjTug=="],

    "@tschk/moonshine-react/@tschk/moonshine": ["@tschk/moonshine@0.3.7", "", { "dependencies": { "@tschk/moonshine-react": "^0.3.6", "@tschk/moonshine-router": "^0.3.6", "@tschk/moonshine-server": "^0.3.6", "@tschk/moonshine-shaders": "^0.3.6" }, "peerDependencies": { "react": ">=18", "react-dom": ">=18" }, "optionalPeers": ["react", "react-dom"] }, "sha512-4aWv+nBC6sQpSd2MAuiyFxntzXNeop7zy0qOfvcncnVk7CRLfItuuf/E8fRoZeHqDNpiNSKRW9T9EA6euLjTug=="],

    "@tschk/moonshine-react/@tschk/moonshine-framework": ["@tschk/moonshine-framework@0.3.7", "", { "dependencies": { "@tschk/moonshine": "^0.3.6" } }, "sha512-RubVUh52g0WpTLCYXqVkGnfWBRhPbfEwp/tdULDi9GEpHsZ+Vc/dYG0uP0cBv7R71UZLWCOUQpdt8JFwvx+Xwg=="],

    "@tschk/moonshine-router/@tschk/moonshine": ["@tschk/moonshine@0.3.7", "", { "dependencies": { "@tschk/moonshine-react": "^0.3.6", "@tschk/moonshine-router": "^0.3.6", "@tschk/moonshine-server": "^0.3.6", "@tschk/moonshine-shaders": "^0.3.6" }, "peerDependencies": { "react": ">=18", "react-dom": ">=18" }, "optionalPeers": ["react", "react-dom"] }, "sha512-4aWv+nBC6sQpSd2MAuiyFxntzXNeop7zy0qOfvcncnVk7CRLfItuuf/E8fRoZeHqDNpiNSKRW9T9EA6euLjTug=="],

    "@tschk/moonshine-router/@tschk/moonshine-framework": ["@tschk/moonshine-framework@0.3.7", "", { "dependencies": { "@tschk/moonshine": "^0.3.6" } }, "sha512-RubVUh52g0WpTLCYXqVkGnfWBRhPbfEwp/tdULDi9GEpHsZ+Vc/dYG0uP0cBv7R71UZLWCOUQpdt8JFwvx+Xwg=="],

    "@tschk/moonshine-server/@tschk/moonshine-framework": ["@tschk/moonshine-framework@0.3.7", "", { "dependencies": { "@tschk/moonshine": "^0.3.6" } }, "sha512-RubVUh52g0WpTLCYXqVkGnfWBRhPbfEwp/tdULDi9GEpHsZ+Vc/dYG0uP0cBv7R71UZLWCOUQpdt8JFwvx+Xwg=="],

    "@tschk/moonshine-server/@tschk/moonshine-router": ["@tschk/moonshine-router@0.3.7", "", { "dependencies": { "@tschk/moonshine": "^0.3.6", "@tschk/moonshine-framework": "^0.3.6" }, "peerDependencies": { "react": ">=18" }, "optionalPeers": ["react"] }, "sha512-2ZLbmeaJEiJgYf7Jth7KRHqdI7YVOPMgN2iETL3q0kMO6tdhR0KAnR+rxwgJT865UuBVLJh1yvzISzJV9rMdvQ=="],

    "@tschk/moonshine-adapter-conformance/@tschk/moonshine-framework/@tschk/moonshine": ["@tschk/moonshine@0.3.7", "", { "dependencies": { "@tschk/moonshine-react": "^0.3.6", "@tschk/moonshine-router": "^0.3.6", "@tschk/moonshine-server": "^0.3.6", "@tschk/moonshine-shaders": "^0.3.6" }, "peerDependencies": { "react": ">=18", "react-dom": ">=18" }, "optionalPeers": ["react", "react-dom"] }, "sha512-4aWv+nBC6sQpSd2MAuiyFxntzXNeop7zy0qOfvcncnVk7CRLfItuuf/E8fRoZeHqDNpiNSKRW9T9EA6euLjTug=="],

    "@tschk/moonshine-adapter-conformance/@tschk/moonshine-react/@tschk/moonshine": ["@tschk/moonshine@0.3.7", "", { "dependencies": { "@tschk/moonshine-react": "^0.3.6", "@tschk/moonshine-router": "^0.3.6", "@tschk/moonshine-server": "^0.3.6", "@tschk/moonshine-shaders": "^0.3.6" }, "peerDependencies": { "react": ">=18", "react-dom": ">=18" }, "optionalPeers": ["react", "react-dom"] }, "sha512-4aWv+nBC6sQpSd2MAuiyFxntzXNeop7zy0qOfvcncnVk7CRLfItuuf/E8fRoZeHqDNpiNSKRW9T9EA6euLjTug=="],

    "@tschk/moonshine-adapter-conformance/@tschk/moonshine-server/@tschk/moonshine-router": ["@tschk/moonshine-router@0.3.7", "", { "dependencies": { "@tschk/moonshine": "^0.3.6", "@tschk/moonshine-framework": "^0.3.6" }, "peerDependencies": { "react": ">=18" }, "optionalPeers": ["react"] }, "sha512-2ZLbmeaJEiJgYf7Jth7KRHqdI7YVOPMgN2iETL3q0kMO6tdhR0KAnR+rxwgJT865UuBVLJh1yvzISzJV9rMdvQ=="],

    "@tschk/moonshine-compiler/@tschk/moonshine-framework/@tschk/moonshine": ["@tschk/moonshine@0.3.7", "", { "dependencies": { "@tschk/moonshine-react": "^0.3.6", "@tschk/moonshine-router": "^0.3.6", "@tschk/moonshine-server": "^0.3.6", "@tschk/moonshine-shaders": "^0.3.6" }, "peerDependencies": { "react": ">=18", "react-dom": ">=18" }, "optionalPeers": ["react", "react-dom"] }, "sha512-4aWv+nBC6sQpSd2MAuiyFxntzXNeop7zy0qOfvcncnVk7CRLfItuuf/E8fRoZeHqDNpiNSKRW9T9EA6euLjTug=="],

    "@tschk/moonshine-compiler/@tschk/moonshine-router/@tschk/moonshine": ["@tschk/moonshine@0.3.7", "", { "dependencies": { "@tschk/moonshine-react": "^0.3.6", "@tschk/moonshine-router": "^0.3.6", "@tschk/moonshine-server": "^0.3.6", "@tschk/moonshine-shaders": "^0.3.6" }, "peerDependencies": { "react": ">=18", "react-dom": ">=18" }, "optionalPeers": ["react", "react-dom"] }, "sha512-4aWv+nBC6sQpSd2MAuiyFxntzXNeop7zy0qOfvcncnVk7CRLfItuuf/E8fRoZeHqDNpiNSKRW9T9EA6euLjTug=="],

    "@tschk/moonshine-deploy-bun/@tschk/moonshine-compiler/@tschk/moonshine-router": ["@tschk/moonshine-router@0.3.7", "", { "dependencies": { "@tschk/moonshine": "^0.3.6", "@tschk/moonshine-framework": "^0.3.6" }, "peerDependencies": { "react": ">=18" }, "optionalPeers": ["react"] }, "sha512-2ZLbmeaJEiJgYf7Jth7KRHqdI7YVOPMgN2iETL3q0kMO6tdhR0KAnR+rxwgJT865UuBVLJh1yvzISzJV9rMdvQ=="],

    "@tschk/moonshine-deploy-bun/@tschk/moonshine-framework/@tschk/moonshine": ["@tschk/moonshine@0.3.7", "", { "dependencies": { "@tschk/moonshine-react": "^0.3.6", "@tschk/moonshine-router": "^0.3.6", "@tschk/moonshine-server": "^0.3.6", "@tschk/moonshine-shaders": "^0.3.6" }, "peerDependencies": { "react": ">=18", "react-dom": ">=18" }, "optionalPeers": ["react", "react-dom"] }, "sha512-4aWv+nBC6sQpSd2MAuiyFxntzXNeop7zy0qOfvcncnVk7CRLfItuuf/E8fRoZeHqDNpiNSKRW9T9EA6euLjTug=="],

    "@tschk/moonshine-deploy-bun/@tschk/moonshine-react/@tschk/moonshine": ["@tschk/moonshine@0.3.7", "", { "dependencies": { "@tschk/moonshine-react": "^0.3.6", "@tschk/moonshine-router": "^0.3.6", "@tschk/moonshine-server": "^0.3.6", "@tschk/moonshine-shaders": "^0.3.6" }, "peerDependencies": { "react": ">=18", "react-dom": ">=18" }, "optionalPeers": ["react", "react-dom"] }, "sha512-4aWv+nBC6sQpSd2MAuiyFxntzXNeop7zy0qOfvcncnVk7CRLfItuuf/E8fRoZeHqDNpiNSKRW9T9EA6euLjTug=="],

    "@tschk/moonshine-deploy-bun/@tschk/moonshine-server/@tschk/moonshine-router": ["@tschk/moonshine-router@0.3.7", "", { "dependencies": { "@tschk/moonshine": "^0.3.6", "@tschk/moonshine-framework": "^0.3.6" }, "peerDependencies": { "react": ">=18" }, "optionalPeers": ["react"] }, "sha512-2ZLbmeaJEiJgYf7Jth7KRHqdI7YVOPMgN2iETL3q0kMO6tdhR0KAnR+rxwgJT865UuBVLJh1yvzISzJV9rMdvQ=="],

    "@tschk/moonshine-framework/@tschk/moonshine/@tschk/moonshine-react": ["@tschk/moonshine-react@0.3.7", "", { "dependencies": { "@tschk/moonshine": "^0.3.6", "@tschk/moonshine-framework": "^0.3.6", "react": "^19.1.0", "react-dom": "^19.1.0" } }, "sha512-9MvW4Vojff9+epHLet7HrLByEdEiWNdT6DbA53FKaAAPCJjJGL2Y+VKhuh3DkMZx8dwMKIqaZI28QabMUqR8vw=="],

    "@tschk/moonshine-framework/@tschk/moonshine/@tschk/moonshine-router": ["@tschk/moonshine-router@0.3.7", "", { "dependencies": { "@tschk/moonshine": "^0.3.6", "@tschk/moonshine-framework": "^0.3.6" }, "peerDependencies": { "react": ">=18" }, "optionalPeers": ["react"] }, "sha512-2ZLbmeaJEiJgYf7Jth7KRHqdI7YVOPMgN2iETL3q0kMO6tdhR0KAnR+rxwgJT865UuBVLJh1yvzISzJV9rMdvQ=="],

    "@tschk/moonshine-framework/@tschk/moonshine/@tschk/moonshine-server": ["@tschk/moonshine-server@0.3.7", "", { "dependencies": { "@tschk/moonshine-framework": "^0.3.6", "@tschk/moonshine-router": "^0.3.6" } }, "sha512-noI+xdWtLKnekAOloxxsyTnoLq3iqUqhWTTcxFD2r2ZzH0aFItvD8lnjnXDkRA3dtIj6RdVCEuv69bzli24DOA=="],

    "@tschk/moonshine-framework/@tschk/moonshine/@tschk/moonshine-shaders": ["@tschk/moonshine-shaders@0.3.7", "", { "peerDependencies": { "react": ">=18" }, "optionalPeers": ["react"] }, "sha512-wNnDY48yLUdnqCBuQvB7ojxYOC2HuQl/EwfyqWSIGczUwATmTVGQQKdIzZ+ahgl7/XpHkNIodhTjkI04F9ufaw=="],

    "@tschk/moonshine-react/@tschk/moonshine/@tschk/moonshine-react": ["@tschk/moonshine-react@0.3.7", "", { "dependencies": { "@tschk/moonshine": "^0.3.6", "@tschk/moonshine-framework": "^0.3.6", "react": "^19.1.0", "react-dom": "^19.1.0" } }, "sha512-9MvW4Vojff9+epHLet7HrLByEdEiWNdT6DbA53FKaAAPCJjJGL2Y+VKhuh3DkMZx8dwMKIqaZI28QabMUqR8vw=="],

    "@tschk/moonshine-react/@tschk/moonshine/@tschk/moonshine-router": ["@tschk/moonshine-router@0.3.7", "", { "dependencies": { "@tschk/moonshine": "^0.3.6", "@tschk/moonshine-framework": "^0.3.6" }, "peerDependencies": { "react": ">=18" }, "optionalPeers": ["react"] }, "sha512-2ZLbmeaJEiJgYf7Jth7KRHqdI7YVOPMgN2iETL3q0kMO6tdhR0KAnR+rxwgJT865UuBVLJh1yvzISzJV9rMdvQ=="],

    "@tschk/moonshine-react/@tschk/moonshine/@tschk/moonshine-server": ["@tschk/moonshine-server@0.3.7", "", { "dependencies": { "@tschk/moonshine-framework": "^0.3.6", "@tschk/moonshine-router": "^0.3.6" } }, "sha512-noI+xdWtLKnekAOloxxsyTnoLq3iqUqhWTTcxFD2r2ZzH0aFItvD8lnjnXDkRA3dtIj6RdVCEuv69bzli24DOA=="],

    "@tschk/moonshine-react/@tschk/moonshine/@tschk/moonshine-shaders": ["@tschk/moonshine-shaders@0.3.7", "", { "peerDependencies": { "react": ">=18" }, "optionalPeers": ["react"] }, "sha512-wNnDY48yLUdnqCBuQvB7ojxYOC2HuQl/EwfyqWSIGczUwATmTVGQQKdIzZ+ahgl7/XpHkNIodhTjkI04F9ufaw=="],

    "@tschk/moonshine-router/@tschk/moonshine/@tschk/moonshine-react": ["@tschk/moonshine-react@0.3.7", "", { "dependencies": { "@tschk/moonshine": "^0.3.6", "@tschk/moonshine-framework": "^0.3.6", "react": "^19.1.0", "react-dom": "^19.1.0" } }, "sha512-9MvW4Vojff9+epHLet7HrLByEdEiWNdT6DbA53FKaAAPCJjJGL2Y+VKhuh3DkMZx8dwMKIqaZI28QabMUqR8vw=="],

    "@tschk/moonshine-router/@tschk/moonshine/@tschk/moonshine-router": ["@tschk/moonshine-router@0.3.7", "", { "dependencies": { "@tschk/moonshine": "^0.3.6", "@tschk/moonshine-framework": "^0.3.6" }, "peerDependencies": { "react": ">=18" }, "optionalPeers": ["react"] }, "sha512-2ZLbmeaJEiJgYf7Jth7KRHqdI7YVOPMgN2iETL3q0kMO6tdhR0KAnR+rxwgJT865UuBVLJh1yvzISzJV9rMdvQ=="],

    "@tschk/moonshine-router/@tschk/moonshine/@tschk/moonshine-server": ["@tschk/moonshine-server@0.3.7", "", { "dependencies": { "@tschk/moonshine-framework": "^0.3.6", "@tschk/moonshine-router": "^0.3.6" } }, "sha512-noI+xdWtLKnekAOloxxsyTnoLq3iqUqhWTTcxFD2r2ZzH0aFItvD8lnjnXDkRA3dtIj6RdVCEuv69bzli24DOA=="],

    "@tschk/moonshine-router/@tschk/moonshine/@tschk/moonshine-shaders": ["@tschk/moonshine-shaders@0.3.7", "", { "peerDependencies": { "react": ">=18" }, "optionalPeers": ["react"] }, "sha512-wNnDY48yLUdnqCBuQvB7ojxYOC2HuQl/EwfyqWSIGczUwATmTVGQQKdIzZ+ahgl7/XpHkNIodhTjkI04F9ufaw=="],

    "@tschk/moonshine-server/@tschk/moonshine-framework/@tschk/moonshine": ["@tschk/moonshine@0.3.7", "", { "dependencies": { "@tschk/moonshine-react": "^0.3.6", "@tschk/moonshine-router": "^0.3.6", "@tschk/moonshine-server": "^0.3.6", "@tschk/moonshine-shaders": "^0.3.6" }, "peerDependencies": { "react": ">=18", "react-dom": ">=18" }, "optionalPeers": ["react", "react-dom"] }, "sha512-4aWv+nBC6sQpSd2MAuiyFxntzXNeop7zy0qOfvcncnVk7CRLfItuuf/E8fRoZeHqDNpiNSKRW9T9EA6euLjTug=="],

    "@tschk/moonshine-server/@tschk/moonshine-router/@tschk/moonshine": ["@tschk/moonshine@0.3.7", "", { "dependencies": { "@tschk/moonshine-react": "^0.3.6", "@tschk/moonshine-router": "^0.3.6", "@tschk/moonshine-server": "^0.3.6", "@tschk/moonshine-shaders": "^0.3.6" }, "peerDependencies": { "react": ">=18", "react-dom": ">=18" }, "optionalPeers": ["react", "react-dom"] }, "sha512-4aWv+nBC6sQpSd2MAuiyFxntzXNeop7zy0qOfvcncnVk7CRLfItuuf/E8fRoZeHqDNpiNSKRW9T9EA6euLjTug=="],

    "@tschk/moonshine/@tschk/moonshine-react/@tschk/moonshine": ["@tschk/moonshine@0.3.7", "", { "dependencies": { "@tschk/moonshine-react": "^0.3.6", "@tschk/moonshine-router": "^0.3.6", "@tschk/moonshine-server": "^0.3.6", "@tschk/moonshine-shaders": "^0.3.6" }, "peerDependencies": { "react": ">=18", "react-dom": ">=18" }, "optionalPeers": ["react", "react-dom"] }, "sha512-4aWv+nBC6sQpSd2MAuiyFxntzXNeop7zy0qOfvcncnVk7CRLfItuuf/E8fRoZeHqDNpiNSKRW9T9EA6euLjTug=="],

    "@tschk/moonshine/@tschk/moonshine-react/@tschk/moonshine-framework": ["@tschk/moonshine-framework@0.3.7", "", { "dependencies": { "@tschk/moonshine": "^0.3.6" } }, "sha512-RubVUh52g0WpTLCYXqVkGnfWBRhPbfEwp/tdULDi9GEpHsZ+Vc/dYG0uP0cBv7R71UZLWCOUQpdt8JFwvx+Xwg=="],

    "@tschk/moonshine/@tschk/moonshine-router/@tschk/moonshine": ["@tschk/moonshine@0.3.7", "", { "dependencies": { "@tschk/moonshine-react": "^0.3.6", "@tschk/moonshine-router": "^0.3.6", "@tschk/moonshine-server": "^0.3.6", "@tschk/moonshine-shaders": "^0.3.6" }, "peerDependencies": { "react": ">=18", "react-dom": ">=18" }, "optionalPeers": ["react", "react-dom"] }, "sha512-4aWv+nBC6sQpSd2MAuiyFxntzXNeop7zy0qOfvcncnVk7CRLfItuuf/E8fRoZeHqDNpiNSKRW9T9EA6euLjTug=="],

    "@tschk/moonshine/@tschk/moonshine-router/@tschk/moonshine-framework": ["@tschk/moonshine-framework@0.3.7", "", { "dependencies": { "@tschk/moonshine": "^0.3.6" } }, "sha512-RubVUh52g0WpTLCYXqVkGnfWBRhPbfEwp/tdULDi9GEpHsZ+Vc/dYG0uP0cBv7R71UZLWCOUQpdt8JFwvx+Xwg=="],

    "@tschk/moonshine/@tschk/moonshine-server/@tschk/moonshine-framework": ["@tschk/moonshine-framework@0.3.7", "", { "dependencies": { "@tschk/moonshine": "^0.3.6" } }, "sha512-RubVUh52g0WpTLCYXqVkGnfWBRhPbfEwp/tdULDi9GEpHsZ+Vc/dYG0uP0cBv7R71UZLWCOUQpdt8JFwvx+Xwg=="],

    "@tschk/moonshine-adapter-conformance/@tschk/moonshine-framework/@tschk/moonshine/@tschk/moonshine-router": ["@tschk/moonshine-router@0.3.7", "", { "dependencies": { "@tschk/moonshine": "^0.3.6", "@tschk/moonshine-framework": "^0.3.6" }, "peerDependencies": { "react": ">=18" }, "optionalPeers": ["react"] }, "sha512-2ZLbmeaJEiJgYf7Jth7KRHqdI7YVOPMgN2iETL3q0kMO6tdhR0KAnR+rxwgJT865UuBVLJh1yvzISzJV9rMdvQ=="],

    "@tschk/moonshine-adapter-conformance/@tschk/moonshine-framework/@tschk/moonshine/@tschk/moonshine-shaders": ["@tschk/moonshine-shaders@0.3.7", "", { "peerDependencies": { "react": ">=18" }, "optionalPeers": ["react"] }, "sha512-wNnDY48yLUdnqCBuQvB7ojxYOC2HuQl/EwfyqWSIGczUwATmTVGQQKdIzZ+ahgl7/XpHkNIodhTjkI04F9ufaw=="],

    "@tschk/moonshine-adapter-conformance/@tschk/moonshine-react/@tschk/moonshine/@tschk/moonshine-router": ["@tschk/moonshine-router@0.3.7", "", { "dependencies": { "@tschk/moonshine": "^0.3.6", "@tschk/moonshine-framework": "^0.3.6" }, "peerDependencies": { "react": ">=18" }, "optionalPeers": ["react"] }, "sha512-2ZLbmeaJEiJgYf7Jth7KRHqdI7YVOPMgN2iETL3q0kMO6tdhR0KAnR+rxwgJT865UuBVLJh1yvzISzJV9rMdvQ=="],

    "@tschk/moonshine-adapter-conformance/@tschk/moonshine-react/@tschk/moonshine/@tschk/moonshine-shaders": ["@tschk/moonshine-shaders@0.3.7", "", { "peerDependencies": { "react": ">=18" }, "optionalPeers": ["react"] }, "sha512-wNnDY48yLUdnqCBuQvB7ojxYOC2HuQl/EwfyqWSIGczUwATmTVGQQKdIzZ+ahgl7/XpHkNIodhTjkI04F9ufaw=="],

    "@tschk/moonshine-adapter-conformance/@tschk/moonshine-server/@tschk/moonshine-router/@tschk/moonshine": ["@tschk/moonshine@0.3.7", "", { "dependencies": { "@tschk/moonshine-react": "^0.3.6", "@tschk/moonshine-router": "^0.3.6", "@tschk/moonshine-server": "^0.3.6", "@tschk/moonshine-shaders": "^0.3.6" }, "peerDependencies": { "react": ">=18", "react-dom": ">=18" }, "optionalPeers": ["react", "react-dom"] }, "sha512-4aWv+nBC6sQpSd2MAuiyFxntzXNeop7zy0qOfvcncnVk7CRLfItuuf/E8fRoZeHqDNpiNSKRW9T9EA6euLjTug=="],

    "@tschk/moonshine-compiler/@tschk/moonshine-framework/@tschk/moonshine/@tschk/moonshine-react": ["@tschk/moonshine-react@0.3.7", "", { "dependencies": { "@tschk/moonshine": "^0.3.6", "@tschk/moonshine-framework": "^0.3.6", "react": "^19.1.0", "react-dom": "^19.1.0" } }, "sha512-9MvW4Vojff9+epHLet7HrLByEdEiWNdT6DbA53FKaAAPCJjJGL2Y+VKhuh3DkMZx8dwMKIqaZI28QabMUqR8vw=="],

    "@tschk/moonshine-compiler/@tschk/moonshine-framework/@tschk/moonshine/@tschk/moonshine-server": ["@tschk/moonshine-server@0.3.7", "", { "dependencies": { "@tschk/moonshine-framework": "^0.3.6", "@tschk/moonshine-router": "^0.3.6" } }, "sha512-noI+xdWtLKnekAOloxxsyTnoLq3iqUqhWTTcxFD2r2ZzH0aFItvD8lnjnXDkRA3dtIj6RdVCEuv69bzli24DOA=="],

    "@tschk/moonshine-compiler/@tschk/moonshine-framework/@tschk/moonshine/@tschk/moonshine-shaders": ["@tschk/moonshine-shaders@0.3.7", "", { "peerDependencies": { "react": ">=18" }, "optionalPeers": ["react"] }, "sha512-wNnDY48yLUdnqCBuQvB7ojxYOC2HuQl/EwfyqWSIGczUwATmTVGQQKdIzZ+ahgl7/XpHkNIodhTjkI04F9ufaw=="],

    "@tschk/moonshine-compiler/@tschk/moonshine-router/@tschk/moonshine/@tschk/moonshine-react": ["@tschk/moonshine-react@0.3.7", "", { "dependencies": { "@tschk/moonshine": "^0.3.6", "@tschk/moonshine-framework": "^0.3.6", "react": "^19.1.0", "react-dom": "^19.1.0" } }, "sha512-9MvW4Vojff9+epHLet7HrLByEdEiWNdT6DbA53FKaAAPCJjJGL2Y+VKhuh3DkMZx8dwMKIqaZI28QabMUqR8vw=="],

    "@tschk/moonshine-compiler/@tschk/moonshine-router/@tschk/moonshine/@tschk/moonshine-server": ["@tschk/moonshine-server@0.3.7", "", { "dependencies": { "@tschk/moonshine-framework": "^0.3.6", "@tschk/moonshine-router": "^0.3.6" } }, "sha512-noI+xdWtLKnekAOloxxsyTnoLq3iqUqhWTTcxFD2r2ZzH0aFItvD8lnjnXDkRA3dtIj6RdVCEuv69bzli24DOA=="],

    "@tschk/moonshine-compiler/@tschk/moonshine-router/@tschk/moonshine/@tschk/moonshine-shaders": ["@tschk/moonshine-shaders@0.3.7", "", { "peerDependencies": { "react": ">=18" }, "optionalPeers": ["react"] }, "sha512-wNnDY48yLUdnqCBuQvB7ojxYOC2HuQl/EwfyqWSIGczUwATmTVGQQKdIzZ+ahgl7/XpHkNIodhTjkI04F9ufaw=="],

    "@tschk/moonshine-deploy-bun/@tschk/moonshine-compiler/@tschk/moonshine-router/@tschk/moonshine": ["@tschk/moonshine@0.3.7", "", { "dependencies": { "@tschk/moonshine-react": "^0.3.6", "@tschk/moonshine-router": "^0.3.6", "@tschk/moonshine-server": "^0.3.6", "@tschk/moonshine-shaders": "^0.3.6" }, "peerDependencies": { "react": ">=18", "react-dom": ">=18" }, "optionalPeers": ["react", "react-dom"] }, "sha512-4aWv+nBC6sQpSd2MAuiyFxntzXNeop7zy0qOfvcncnVk7CRLfItuuf/E8fRoZeHqDNpiNSKRW9T9EA6euLjTug=="],

    "@tschk/moonshine-deploy-bun/@tschk/moonshine-framework/@tschk/moonshine/@tschk/moonshine-router": ["@tschk/moonshine-router@0.3.7", "", { "dependencies": { "@tschk/moonshine": "^0.3.6", "@tschk/moonshine-framework": "^0.3.6" }, "peerDependencies": { "react": ">=18" }, "optionalPeers": ["react"] }, "sha512-2ZLbmeaJEiJgYf7Jth7KRHqdI7YVOPMgN2iETL3q0kMO6tdhR0KAnR+rxwgJT865UuBVLJh1yvzISzJV9rMdvQ=="],

    "@tschk/moonshine-deploy-bun/@tschk/moonshine-framework/@tschk/moonshine/@tschk/moonshine-shaders": ["@tschk/moonshine-shaders@0.3.7", "", { "peerDependencies": { "react": ">=18" }, "optionalPeers": ["react"] }, "sha512-wNnDY48yLUdnqCBuQvB7ojxYOC2HuQl/EwfyqWSIGczUwATmTVGQQKdIzZ+ahgl7/XpHkNIodhTjkI04F9ufaw=="],

    "@tschk/moonshine-deploy-bun/@tschk/moonshine-react/@tschk/moonshine/@tschk/moonshine-router": ["@tschk/moonshine-router@0.3.7", "", { "dependencies": { "@tschk/moonshine": "^0.3.6", "@tschk/moonshine-framework": "^0.3.6" }, "peerDependencies": { "react": ">=18" }, "optionalPeers": ["react"] }, "sha512-2ZLbmeaJEiJgYf7Jth7KRHqdI7YVOPMgN2iETL3q0kMO6tdhR0KAnR+rxwgJT865UuBVLJh1yvzISzJV9rMdvQ=="],

    "@tschk/moonshine-deploy-bun/@tschk/moonshine-react/@tschk/moonshine/@tschk/moonshine-shaders": ["@tschk/moonshine-shaders@0.3.7", "", { "peerDependencies": { "react": ">=18" }, "optionalPeers": ["react"] }, "sha512-wNnDY48yLUdnqCBuQvB7ojxYOC2HuQl/EwfyqWSIGczUwATmTVGQQKdIzZ+ahgl7/XpHkNIodhTjkI04F9ufaw=="],

    "@tschk/moonshine-deploy-bun/@tschk/moonshine-server/@tschk/moonshine-router/@tschk/moonshine": ["@tschk/moonshine@0.3.7", "", { "dependencies": { "@tschk/moonshine-react": "^0.3.6", "@tschk/moonshine-router": "^0.3.6", "@tschk/moonshine-server": "^0.3.6", "@tschk/moonshine-shaders": "^0.3.6" }, "peerDependencies": { "react": ">=18", "react-dom": ">=18" }, "optionalPeers": ["react", "react-dom"] }, "sha512-4aWv+nBC6sQpSd2MAuiyFxntzXNeop7zy0qOfvcncnVk7CRLfItuuf/E8fRoZeHqDNpiNSKRW9T9EA6euLjTug=="],

    "@tschk/moonshine-framework/@tschk/moonshine/@tschk/moonshine-react/@tschk/moonshine-framework": ["@tschk/moonshine-framework@0.3.7", "", { "dependencies": { "@tschk/moonshine": "^0.3.6" } }, "sha512-RubVUh52g0WpTLCYXqVkGnfWBRhPbfEwp/tdULDi9GEpHsZ+Vc/dYG0uP0cBv7R71UZLWCOUQpdt8JFwvx+Xwg=="],

    "@tschk/moonshine-framework/@tschk/moonshine/@tschk/moonshine-router/@tschk/moonshine-framework": ["@tschk/moonshine-framework@0.3.7", "", { "dependencies": { "@tschk/moonshine": "^0.3.6" } }, "sha512-RubVUh52g0WpTLCYXqVkGnfWBRhPbfEwp/tdULDi9GEpHsZ+Vc/dYG0uP0cBv7R71UZLWCOUQpdt8JFwvx+Xwg=="],

    "@tschk/moonshine-framework/@tschk/moonshine/@tschk/moonshine-server/@tschk/moonshine-framework": ["@tschk/moonshine-framework@0.3.7", "", { "dependencies": { "@tschk/moonshine": "^0.3.6" } }, "sha512-RubVUh52g0WpTLCYXqVkGnfWBRhPbfEwp/tdULDi9GEpHsZ+Vc/dYG0uP0cBv7R71UZLWCOUQpdt8JFwvx+Xwg=="],

    "@tschk/moonshine-server/@tschk/moonshine-framework/@tschk/moonshine/@tschk/moonshine-react": ["@tschk/moonshine-react@0.3.7", "", { "dependencies": { "@tschk/moonshine": "^0.3.6", "@tschk/moonshine-framework": "^0.3.6", "react": "^19.1.0", "react-dom": "^19.1.0" } }, "sha512-9MvW4Vojff9+epHLet7HrLByEdEiWNdT6DbA53FKaAAPCJjJGL2Y+VKhuh3DkMZx8dwMKIqaZI28QabMUqR8vw=="],

    "@tschk/moonshine-server/@tschk/moonshine-framework/@tschk/moonshine/@tschk/moonshine-server": ["@tschk/moonshine-server@0.3.7", "", { "dependencies": { "@tschk/moonshine-framework": "^0.3.6", "@tschk/moonshine-router": "^0.3.6" } }, "sha512-noI+xdWtLKnekAOloxxsyTnoLq3iqUqhWTTcxFD2r2ZzH0aFItvD8lnjnXDkRA3dtIj6RdVCEuv69bzli24DOA=="],

    "@tschk/moonshine-server/@tschk/moonshine-framework/@tschk/moonshine/@tschk/moonshine-shaders": ["@tschk/moonshine-shaders@0.3.7", "", { "peerDependencies": { "react": ">=18" }, "optionalPeers": ["react"] }, "sha512-wNnDY48yLUdnqCBuQvB7ojxYOC2HuQl/EwfyqWSIGczUwATmTVGQQKdIzZ+ahgl7/XpHkNIodhTjkI04F9ufaw=="],

    "@tschk/moonshine-server/@tschk/moonshine-router/@tschk/moonshine/@tschk/moonshine-react": ["@tschk/moonshine-react@0.3.7", "", { "dependencies": { "@tschk/moonshine": "^0.3.6", "@tschk/moonshine-framework": "^0.3.6", "react": "^19.1.0", "react-dom": "^19.1.0" } }, "sha512-9MvW4Vojff9+epHLet7HrLByEdEiWNdT6DbA53FKaAAPCJjJGL2Y+VKhuh3DkMZx8dwMKIqaZI28QabMUqR8vw=="],

    "@tschk/moonshine-server/@tschk/moonshine-router/@tschk/moonshine/@tschk/moonshine-server": ["@tschk/moonshine-server@0.3.7", "", { "dependencies": { "@tschk/moonshine-framework": "^0.3.6", "@tschk/moonshine-router": "^0.3.6" } }, "sha512-noI+xdWtLKnekAOloxxsyTnoLq3iqUqhWTTcxFD2r2ZzH0aFItvD8lnjnXDkRA3dtIj6RdVCEuv69bzli24DOA=="],

    "@tschk/moonshine-server/@tschk/moonshine-router/@tschk/moonshine/@tschk/moonshine-shaders": ["@tschk/moonshine-shaders@0.3.7", "", { "peerDependencies": { "react": ">=18" }, "optionalPeers": ["react"] }, "sha512-wNnDY48yLUdnqCBuQvB7ojxYOC2HuQl/EwfyqWSIGczUwATmTVGQQKdIzZ+ahgl7/XpHkNIodhTjkI04F9ufaw=="],

    "@tschk/moonshine/@tschk/moonshine-server/@tschk/moonshine-framework/@tschk/moonshine": ["@tschk/moonshine@0.3.7", "", { "dependencies": { "@tschk/moonshine-react": "^0.3.6", "@tschk/moonshine-router": "^0.3.6", "@tschk/moonshine-server": "^0.3.6", "@tschk/moonshine-shaders": "^0.3.6" }, "peerDependencies": { "react": ">=18", "react-dom": ">=18" }, "optionalPeers": ["react", "react-dom"] }, "sha512-4aWv+nBC6sQpSd2MAuiyFxntzXNeop7zy0qOfvcncnVk7CRLfItuuf/E8fRoZeHqDNpiNSKRW9T9EA6euLjTug=="],

    "@tschk/moonshine-adapter-conformance/@tschk/moonshine-server/@tschk/moonshine-router/@tschk/moonshine/@tschk/moonshine-shaders": ["@tschk/moonshine-shaders@0.3.7", "", { "peerDependencies": { "react": ">=18" }, "optionalPeers": ["react"] }, "sha512-wNnDY48yLUdnqCBuQvB7ojxYOC2HuQl/EwfyqWSIGczUwATmTVGQQKdIzZ+ahgl7/XpHkNIodhTjkI04F9ufaw=="],

    "@tschk/moonshine-deploy-bun/@tschk/moonshine-compiler/@tschk/moonshine-router/@tschk/moonshine/@tschk/moonshine-shaders": ["@tschk/moonshine-shaders@0.3.7", "", { "peerDependencies": { "react": ">=18" }, "optionalPeers": ["react"] }, "sha512-wNnDY48yLUdnqCBuQvB7ojxYOC2HuQl/EwfyqWSIGczUwATmTVGQQKdIzZ+ahgl7/XpHkNIodhTjkI04F9ufaw=="],

    "@tschk/moonshine-deploy-bun/@tschk/moonshine-server/@tschk/moonshine-router/@tschk/moonshine/@tschk/moonshine-shaders": ["@tschk/moonshine-shaders@0.3.7", "", { "peerDependencies": { "react": ">=18" }, "optionalPeers": ["react"] }, "sha512-wNnDY48yLUdnqCBuQvB7ojxYOC2HuQl/EwfyqWSIGczUwATmTVGQQKdIzZ+ahgl7/XpHkNIodhTjkI04F9ufaw=="],
  }
}
